Microsoft Visual Studio Solution File, Format Version 10.00
# Visual Studio 2008

Project("{4E832844-D0A0-6289-333A-8C2305A20181}") = "JackieTonyV5", "JackieTonyV5.csproj", "{8D8ACDB0-EC9F-D5BF-C12B-536889E6B40D}"
EndProject
Global
	GlobalSection(SolutionConfigurationPlatforms) = preSolution
		Debug|Any CPU = Debug|Any CPU
		Release|Any CPU = Release|Any CPU
	EndGlobalSection
	GlobalSection(ProjectConfigurationPlatforms) = postSolution
		{8D8ACDB0-EC9F-D5BF-C12B-536889E6B40D}.Debug|Any CPU.ActiveCfg = Debug|Any CPU
		{8D8ACDB0-EC9F-D5BF-C12B-536889E6B40D}.Debug|Any CPU.Build.0 = Debug|Any CPU
		{8D8ACDB0-EC9F-D5BF-C12B-536889E6B40D}.Release|Any CPU.ActiveCfg = Release|Any CPU
		{8D8ACDB0-EC9F-D5BF-C12B-536889E6B40D}.Release|Any CPU.Build.0 = Release|Any CPU
	EndGlobalSection
	GlobalSection(SolutionProperties) = preSolution
		HideSolutionNode = FALSE
	EndGlobalSection
	
EndGlobal
